
Microsoft Visual Studio Solution File, Format Version 12.00
# Visual Studio Version 17
VisualStudioVersion = 17.1.31911.260
MinimumVisualStudioVersion = 10.0.40219.1
Project("{9A19103F-16F7-4668-BE54-9A1E7A4F7556}") = "MyStock", "MyStock\MyStock.csproj", "{694C22E9-AC64-49A3-BD8A-4D8A55019188}"
EndProject
Project("{9A19103F-16F7-4668-BE54-9A1E7A4F7556}") = "MyStock.Domain", "MyStock.Domain\MyStock.Domain.csproj", "{97A29175-5DE3-4407-B24C-8DA0F76A76AA}"
EndProject
Project("{9A19103F-16F7-4668-BE54-9A1E7A4F7556}") = "MyStock.Persistence", "MyStock.Persistence\MyStock.Persistence.csproj", "{D32375BF-7382-4E0F-ACA5-7192DA123869}"
EndProject
Global
	GlobalSection(SolutionConfigurationPlatforms) = preSolution
		Debug|Any CPU = Debug|Any CPU
		Release|Any CPU = Release|Any CPU
	EndGlobalSection
	GlobalSection(ProjectConfigurationPlatforms) = postSolution
		{694C22E9-AC64-49A3-BD8A-4D8A55019188}.Debug|Any CPU.ActiveCfg = Debug|Any CPU
		{694C22E9-AC64-49A3-BD8A-4D8A55019188}.Debug|Any CPU.Build.0 = Debug|Any CPU
		{694C22E9-AC64-49A3-BD8A-4D8A55019188}.Release|Any CPU.ActiveCfg = Release|Any CPU
		{694C22E9-AC64-49A3-BD8A-4D8A55019188}.Release|Any CPU.Build.0 = Release|Any CPU
		{97A29175-5DE3-4407-B24C-8DA0F76A76AA}.Debug|Any CPU.ActiveCfg = Debug|Any CPU
		{97A29175-5DE3-4407-B24C-8DA0F76A76AA}.Debug|Any CPU.Build.0 = Debug|Any CPU
		{97A29175-5DE3-4407-B24C-8DA0F76A76AA}.Release|Any CPU.ActiveCfg = Release|Any CPU
		{97A29175-5DE3-4407-B24C-8DA0F76A76AA}.Release|Any CPU.Build.0 = Release|Any CPU
		{D32375BF-7382-4E0F-ACA5-7192DA123869}.Debug|Any CPU.ActiveCfg = Debug|Any CPU
		{D32375BF-7382-4E0F-ACA5-7192DA123869}.Debug|Any CPU.Build.0 = Debug|Any CPU
		{D32375BF-7382-4E0F-ACA5-7192DA123869}.Release|Any CPU.ActiveCfg = Release|Any CPU
		{D32375BF-7382-4E0F-ACA5-7192DA123869}.Release|Any CPU.Build.0 = Release|Any CPU
	EndGlobalSection
	GlobalSection(SolutionProperties) = preSolution
		HideSolutionNode = FALSE
	EndGlobalSection
	GlobalSection(ExtensibilityGlobals) = postSolution
		SolutionGuid = {26D5457A-AF54-4617-99CB-5BDBEF3DB6A3}
	EndGlobalSection
EndGlobal
